
Microsoft Visual Studio Solution File, Format Version 12.00
# Visual Studio 15
VisualStudioVersion = 15.0.26228.12
MinimumVisualStudioVersion = 10.0.40219.1
Project("{E24C65DC-7377-472B-9ABA-BC803B73C61A}") = "1.taxCalculator", ".", "{4919E135-5D40-45EF-83FD-FFAEC0124F53}"
	ProjectSection(WebsiteProperties) = preProject
		TargetFrameworkMoniker = ".NETFramework,Version%3Dv4.5.2"
		Debug.AspNetCompiler.VirtualPath = "/localhost_52983"
		Debug.AspNetCompiler.PhysicalPath = "..\1.taxCalculator\"
		Debug.AspNetCompiler.TargetPath = "PrecompiledWeb\localhost_52983\"
		Debug.AspNetCompiler.Updateable = "true"
		Debug.AspNetCompiler.ForceOverwrite = "true"
		Debug.AspNetCompiler.FixedNames = "false"
		Debug.AspNetCompiler.Debug = "True"
		Release.AspNetCompiler.VirtualPath = "/localhost_52983"
		Release.AspNetCompiler.PhysicalPath = "..\1.taxCalculator\"
		Release.AspNetCompiler.TargetPath = "PrecompiledWeb\localhost_52983\"
		Release.AspNetCompiler.Updateable = "true"
		Release.AspNetCompiler.ForceOverwrite = "true"
		Release.AspNetCompiler.FixedNames = "false"
		Release.AspNetCompiler.Debug = "False"
		VWDPort = "52983"
		SlnRelativePath = "..\1.taxCalculator\"
	EndProjectSection
EndProject
Global
	GlobalSection(SolutionConfigurationPlatforms) = preSolution
		Debug|Any CPU = Debug|Any CPU
	EndGlobalSection
	GlobalSection(ProjectConfigurationPlatforms) = postSolution
		{4919E135-5D40-45EF-83FD-FFAEC0124F53}.Debug|Any CPU.ActiveCfg = Debug|Any CPU
		{4919E135-5D40-45EF-83FD-FFAEC0124F53}.Debug|Any CPU.Build.0 = Debug|Any CPU
	EndGlobalSection
	GlobalSection(SolutionProperties) = preSolution
		HideSolutionNode = FALSE
	EndGlobalSection
EndGlobal
